// !$*UTF8*$!
{
	archiveVersion = 1;
	classes = {
	};
	objectVersion = 56;
	objects = {

/* Begin PBXBuildFile section */
		AC30A10729DBFE3C007E0B12 /* AppDelegate.swift in Sources */ = {isa = PBXBuildFile; fileRef = AC30A10629DBFE3C007E0B12 /* AppDelegate.swift */; };
		AC30A10B29DBFE3C007E0B12 /* MainViewController.swift in Sources */ = {isa = PBXBuildFile; fileRef = AC30A10A29DBFE3C007E0B12 /* MainViewController.swift */; };
		AC30A11029DBFE3E007E0B12 /* Assets.xcassets in Resources */ = {isa = PBXBuildFile; fileRef = AC30A10F29DBFE3E007E0B12 /* Assets.xcassets */; };
		AC30A11329DBFE3E007E0B12 /* LaunchScreen.storyboard in Resources */ = {isa = PBXBuildFile; fileRef = AC30A11129DBFE3E007E0B12 /* LaunchScreen.storyboard */; };
		AC30A11B29DC213E007E0B12 /* NetworkManager.swift in Sources */ = {isa = PBXBuildFile; fileRef = AC30A11A29DC213E007E0B12 /* NetworkManager.swift */; };
		AC30A11F29DC2704007E0B12 /* Shop.swift in Sources */ = {isa = PBXBuildFile; fileRef = AC30A11E29DC2704007E0B12 /* Shop.swift */; };
		AC30A12229DC2A18007E0B12 /* DataManager.swift in Sources */ = {isa = PBXBuildFile; fileRef = AC30A12129DC2A18007E0B12 /* DataManager.swift */; };
		AC30A12429DC2B5D007E0B12 /* BannerCell.swift in Sources */ = {isa = PBXBuildFile; fileRef = AC30A12329DC2B5D007E0B12 /* BannerCell.swift */; };
		AC30A12729DC2B99007E0B12 /* SelfConfiguringCell.swift in Sources */ = {isa = PBXBuildFile; fileRef = AC30A12629DC2B99007E0B12 /* SelfConfiguringCell.swift */; };
		AC30A12929DC2BBB007E0B12 /* UICollectionViewCell.swift in Sources */ = {isa = PBXBuildFile; fileRef = AC30A12829DC2BBB007E0B12 /* UICollectionViewCell.swift */; };
		AC30A12C29DC2C0A007E0B12 /* ImageManager.swift in Sources */ = {isa = PBXBuildFile; fileRef = AC30A12B29DC2C0A007E0B12 /* ImageManager.swift */; };
		AC30A12E29DC3073007E0B12 /* ProductCell.swift in Sources */ = {isa = PBXBuildFile; fileRef = AC30A12D29DC3073007E0B12 /* ProductCell.swift */; };
		AC30A13029DD73B9007E0B12 /* HeaderView.swift in Sources */ = {isa = PBXBuildFile; fileRef = AC30A12F29DD73B9007E0B12 /* HeaderView.swift */; };
		AC30A13229DEDC45007E0B12 /* HeaderViewCell.swift in Sources */ = {isa = PBXBuildFile; fileRef = AC30A13129DEDC45007E0B12 /* HeaderViewCell.swift */; };
		AC30A13429E93E79007E0B12 /* RoundedBackgroundView.swift in Sources */ = {isa = PBXBuildFile; fileRef = AC30A13329E93E79007E0B12 /* RoundedBackgroundView.swift */; };
		AC5D403529EBE32200A974DB /* TabBarViewController.swift in Sources */ = {isa = PBXBuildFile; fileRef = AC5D403429EBE32200A974DB /* TabBarViewController.swift */; };
		AC5D403729EBE34800A974DB /* UserViewController.swift in Sources */ = {isa = PBXBuildFile; fileRef = AC5D403629EBE34800A974DB /* UserViewController.swift */; };
		AC5D403929EBE36100A974DB /* ContactsViewController.swift in Sources */ = {isa = PBXBuildFile; fileRef = AC5D403829EBE36100A974DB /* ContactsViewController.swift */; };
		AC5D403B29EBE38E00A974DB /* BasketViewController.swift in Sources */ = {isa = PBXBuildFile; fileRef = AC5D403A29EBE38E00A974DB /* BasketViewController.swift */; };
		AC5D404229EE6E1A00A974DB /* HeaderCellViewModel.swift in Sources */ = {isa = PBXBuildFile; fileRef = AC5D404129EE6E1A00A974DB /* HeaderCellViewModel.swift */; };
		AC5D404429EFDAA300A974DB /* HeaderViewPresenter.swift in Sources */ = {isa = PBXBuildFile; fileRef = AC5D404329EFDAA300A974DB /* HeaderViewPresenter.swift */; };
		AC5D404629EFDABA00A974DB /* HeaderViewInteractor.swift in Sources */ = {isa = PBXBuildFile; fileRef = AC5D404529EFDABA00A974DB /* HeaderViewInteractor.swift */; };
		AC5D404829EFDADB00A974DB /* HeaderViewConfigurator.swift in Sources */ = {isa = PBXBuildFile; fileRef = AC5D404729EFDADB00A974DB /* HeaderViewConfigurator.swift */; };
		AC5D404A29EFDB0000A974DB /* HeaderViewRouter.swift in Sources */ = {isa = PBXBuildFile; fileRef = AC5D404929EFDB0000A974DB /* HeaderViewRouter.swift */; };
		AC5D404F29F86BB900A974DB /* TabBarViewPresenter.swift in Sources */ = {isa = PBXBuildFile; fileRef = AC5D404E29F86BB900A974DB /* TabBarViewPresenter.swift */; };
		AC5D405129F86BCA00A974DB /* TabBarViewInteractor.swift in Sources */ = {isa = PBXBuildFile; fileRef = AC5D405029F86BCA00A974DB /* TabBarViewInteractor.swift */; };
		AC5D405529F86BED00A974DB /* TabBarViewConfigurator.swift in Sources */ = {isa = PBXBuildFile; fileRef = AC5D405429F86BED00A974DB /* TabBarViewConfigurator.swift */; };
		AC5D405729FA45FC00A974DB /* TabBarViewEntity.swift in Sources */ = {isa = PBXBuildFile; fileRef = AC5D405629FA45FC00A974DB /* TabBarViewEntity.swift */; };
/* End PBXBuildFile section */

/* Begin PBXFileReference section */
		AC30A10329DBFE3C007E0B12 /* TestShopMVP.app */ = {isa = PBXFileReference; explicitFileType = wrapper.application; includeInIndex = 0; path = TestShopMVP.app; sourceTree = BUILT_PRODUCTS_DIR; };
		AC30A10629DBFE3C007E0B12 /* AppDelegate.swift */ = {isa = PBXFileReference; lastKnownFileType = sourcecode.swift; path = AppDelegate.swift; sourceTree = "<group>"; };
		AC30A10A29DBFE3C007E0B12 /* MainViewController.swift */ = {isa = PBXFileReference; lastKnownFileType = sourcecode.swift; path = MainViewController.swift; sourceTree = "<group>"; };
		AC30A10F29DBFE3E007E0B12 /* Assets.xcassets */ = {isa = PBXFileReference; lastKnownFileType = folder.assetcatalog; path = Assets.xcassets; sourceTree = "<group>"; };
		AC30A11229DBFE3E007E0B12 /* Base */ = {isa = PBXFileReference; lastKnownFileType = file.storyboard; name = Base; path = Base.lproj/LaunchScreen.storyboard; sourceTree = "<group>"; };
		AC30A11429DBFE3E007E0B12 /* Info.plist */ = {isa = PBXFileReference; lastKnownFileType = text.plist.xml; path = Info.plist; sourceTree = "<group>"; };
		AC30A11A29DC213E007E0B12 /* NetworkManager.swift */ = {isa = PBXFileReference; lastKnownFileType = sourcecode.swift; path = NetworkManager.swift; sourceTree = "<group>"; };
		AC30A11E29DC2704007E0B12 /* Shop.swift */ = {isa = PBXFileReference; lastKnownFileType = sourcecode.swift; path = Shop.swift; sourceTree = "<group>"; };
		AC30A12129DC2A18007E0B12 /* DataManager.swift */ = {isa = PBXFileReference; lastKnownFileType = sourcecode.swift; path = DataManager.swift; sourceTree = "<group>"; };
		AC30A12329DC2B5D007E0B12 /* BannerCell.swift */ = {isa = PBXFileReference; lastKnownFileType = sourcecode.swift; path = BannerCell.swift; sourceTree = "<group>"; };
		AC30A12629DC2B99007E0B12 /* SelfConfiguringCell.swift */ = {isa = PBXFileReference; lastKnownFileType = sourcecode.swift; path = SelfConfiguringCell.swift; sourceTree = "<group>"; };
		AC30A12829DC2BBB007E0B12 /* UICollectionViewCell.swift */ = {isa = PBXFileReference; lastKnownFileType = sourcecode.swift; path = UICollectionViewCell.swift; sourceTree = "<group>"; };
		AC30A12B29DC2C0A007E0B12 /* ImageManager.swift */ = {isa = PBXFileReference; lastKnownFileType = sourcecode.swift; path = ImageManager.swift; sourceTree = "<group>"; };
		AC30A12D29DC3073007E0B12 /* ProductCell.swift */ = {isa = PBXFileReference; lastKnownFileType = sourcecode.swift; path = ProductCell.swift; sourceTree = "<group>"; };
		AC30A12F29DD73B9007E0B12 /* HeaderView.swift */ = {isa = PBXFileReference; lastKnownFileType = sourcecode.swift; path = HeaderView.swift; sourceTree = "<group>"; };
		AC30A13129DEDC45007E0B12 /* HeaderViewCell.swift */ = {isa = PBXFileReference; lastKnownFileType = sourcecode.swift; path = HeaderViewCell.swift; sourceTree = "<group>"; };
		AC30A13329E93E79007E0B12 /* RoundedBackgroundView.swift */ = {isa = PBXFileReference; lastKnownFileType = sourcecode.swift; path = RoundedBackgroundView.swift; sourceTree = "<group>"; };
		AC5D403429EBE32200A974DB /* TabBarViewController.swift */ = {isa = PBXFileReference; lastKnownFileType = sourcecode.swift; path = TabBarViewController.swift; sourceTree = "<group>"; };
		AC5D403629EBE34800A974DB /* UserViewController.swift */ = {isa = PBXFileReference; lastKnownFileType = sourcecode.swift; path = UserViewController.swift; sourceTree = "<group>"; };
		AC5D403829EBE36100A974DB /* ContactsViewController.swift */ = {isa = PBXFileReference; lastKnownFileType = sourcecode.swift; path = ContactsViewController.swift; sourceTree = "<group>"; };
		AC5D403A29EBE38E00A974DB /* BasketViewController.swift */ = {isa = PBXFileReference; lastKnownFileType = sourcecode.swift; path = BasketViewController.swift; sourceTree = "<group>"; };
		AC5D404129EE6E1A00A974DB /* HeaderCellViewModel.swift */ = {isa = PBXFileReference; lastKnownFileType = sourcecode.swift; path = HeaderCellViewModel.swift; sourceTree = "<group>"; };
		AC5D404329EFDAA300A974DB /* HeaderViewPresenter.swift */ = {isa = PBXFileReference; lastKnownFileType = sourcecode.swift; path = HeaderViewPresenter.swift; sourceTree = "<group>"; };
		AC5D404529EFDABA00A974DB /* HeaderViewInteractor.swift */ = {isa = PBXFileReference; lastKnownFileType = sourcecode.swift; path = HeaderViewInteractor.swift; sourceTree = "<group>"; };
		AC5D404729EFDADB00A974DB /* HeaderViewConfigurator.swift */ = {isa = PBXFileReference; lastKnownFileType = sourcecode.swift; path = HeaderViewConfigurator.swift; sourceTree = "<group>"; };
		AC5D404929EFDB0000A974DB /* HeaderViewRouter.swift */ = {isa = PBXFileReference; lastKnownFileType = sourcecode.swift; path = HeaderViewRouter.swift; sourceTree = "<group>"; };
		AC5D404E29F86BB900A974DB /* TabBarViewPresenter.swift */ = {isa = PBXFileReference; lastKnownFileType = sourcecode.swift; path = TabBarViewPresenter.swift; sourceTree = "<group>"; };
		AC5D405029F86BCA00A974DB /* TabBarViewInteractor.swift */ = {isa = PBXFileReference; lastKnownFileType = sourcecode.swift; path = TabBarViewInteractor.swift; sourceTree = "<group>"; };
		AC5D405429F86BED00A974DB /* TabBarViewConfigurator.swift */ = {isa = PBXFileReference; lastKnownFileType = sourcecode.swift; path = TabBarViewConfigurator.swift; sourceTree = "<group>"; };
		AC5D405629FA45FC00A974DB /* TabBarViewEntity.swift */ = {isa = PBXFileReference; lastKnownFileType = sourcecode.swift; path = TabBarViewEntity.swift; sourceTree = "<group>"; };
/* End PBXFileReference section */

/* Begin PBXFrameworksBuildPhase section */
		AC30A10029DBFE3C007E0B12 /* Frameworks */ = {
			isa = PBXFrameworksBuildPhase;
			buildActionMask = 2147483647;
			files = (
			);
			runOnlyForDeploymentPostprocessing = 0;
		};
/* End PBXFrameworksBuildPhase section */

/* Begin PBXGroup section */
		AC30A0FA29DBFE3C007E0B12 = {
			isa = PBXGroup;
			children = (
				AC30A10529DBFE3C007E0B12 /* TestShopMVP */,
				AC30A10429DBFE3C007E0B12 /* Products */,
			);
			sourceTree = "<group>";
		};
		AC30A10429DBFE3C007E0B12 /* Products */ = {
			isa = PBXGroup;
			children = (
				AC30A10329DBFE3C007E0B12 /* TestShopMVP.app */,
			);
			name = Products;
			sourceTree = "<group>";
		};
		AC30A10529DBFE3C007E0B12 /* TestShopMVP */ = {
			isa = PBXGroup;
			children = (
				AC30A12029DC270C007E0B12 /* Models */,
				AC5D404D29F86B9B00A974DB /* TabBarViewController */,
				AC30A11D29DC220B007E0B12 /* ViewControllers */,
				AC30A12529DC2B64007E0B12 /* Views */,
				AC5D403F29EE6D0A00A974DB /* Header */,
				AC30A12A29DC2BC1007E0B12 /* Extensions */,
				AC30A11C29DC2201007E0B12 /* Services */,
				AC5D403E29EDB62500A974DB /* Resources */,
				AC5D403D29EDB61800A974DB /* Storyboard */,
				AC5D403C29EDB60900A974DB /* App */,
			);
			path = TestShopMVP;
			sourceTree = "<group>";
		};
		AC30A11C29DC2201007E0B12 /* Services */ = {
			isa = PBXGroup;
			children = (
				AC30A11A29DC213E007E0B12 /* NetworkManager.swift */,
				AC30A12129DC2A18007E0B12 /* DataManager.swift */,
				AC30A12B29DC2C0A007E0B12 /* ImageManager.swift */,
			);
			path = Services;
			sourceTree = "<group>";
		};
		AC30A11D29DC220B007E0B12 /* ViewControllers */ = {
			isa = PBXGroup;
			children = (
				AC30A10A29DBFE3C007E0B12 /* MainViewController.swift */,
				AC5D403629EBE34800A974DB /* UserViewController.swift */,
				AC5D403829EBE36100A974DB /* ContactsViewController.swift */,
				AC5D403A29EBE38E00A974DB /* BasketViewController.swift */,
			);
			path = ViewControllers;
			sourceTree = "<group>";
		};
		AC30A12029DC270C007E0B12 /* Models */ = {
			isa = PBXGroup;
			children = (
				AC30A11E29DC2704007E0B12 /* Shop.swift */,
			);
			path = Models;
			sourceTree = "<group>";
		};
		AC30A12529DC2B64007E0B12 /* Views */ = {
			isa = PBXGroup;
			children = (
				AC30A12329DC2B5D007E0B12 /* BannerCell.swift */,
				AC30A12D29DC3073007E0B12 /* ProductCell.swift */,
				AC30A12629DC2B99007E0B12 /* SelfConfiguringCell.swift */,
				AC30A13329E93E79007E0B12 /* RoundedBackgroundView.swift */,
			);
			path = Views;
			sourceTree = "<group>";
		};
		AC30A12A29DC2BC1007E0B12 /* Extensions */ = {
			isa = PBXGroup;
			children = (
				AC30A12829DC2BBB007E0B12 /* UICollectionViewCell.swift */,
			);
			path = Extensions;
			sourceTree = "<group>";
		};
		AC5D403C29EDB60900A974DB /* App */ = {
			isa = PBXGroup;
			children = (
				AC30A10629DBFE3C007E0B12 /* AppDelegate.swift */,
				AC30A11429DBFE3E007E0B12 /* Info.plist */,
			);
			path = App;
			sourceTree = "<group>";
		};
		AC5D403D29EDB61800A974DB /* Storyboard */ = {
			isa = PBXGroup;
			children = (
				AC30A11129DBFE3E007E0B12 /* LaunchScreen.storyboard */,
			);
			path = Storyboard;
			sourceTree = "<group>";
		};
		AC5D403E29EDB62500A974DB /* Resources */ = {
			isa = PBXGroup;
			children = (
				AC30A10F29DBFE3E007E0B12 /* Assets.xcassets */,
			);
			path = Resources;
			sourceTree = "<group>";
		};
		AC5D403F29EE6D0A00A974DB /* Header */ = {
			isa = PBXGroup;
			children = (
				AC30A12F29DD73B9007E0B12 /* HeaderView.swift */,
				AC5D404329EFDAA300A974DB /* HeaderViewPresenter.swift */,
				AC5D404529EFDABA00A974DB /* HeaderViewInteractor.swift */,
				AC5D404929EFDB0000A974DB /* HeaderViewRouter.swift */,
				AC5D404729EFDADB00A974DB /* HeaderViewConfigurator.swift */,
				AC5D404029EE6DA900A974DB /* HeaderCell */,
			);
			path = Header;
			sourceTree = "<group>";
		};
		AC5D404029EE6DA900A974DB /* HeaderCell */ = {
			isa = PBXGroup;
			children = (
				AC30A13129DEDC45007E0B12 /* HeaderViewCell.swift */,
				AC5D404129EE6E1A00A974DB /* HeaderCellViewModel.swift */,
			);
			path = HeaderCell;
			sourceTree = "<group>";
		};
		AC5D404D29F86B9B00A974DB /* TabBarViewController */ = {
			isa = PBXGroup;
			children = (
				AC5D403429EBE32200A974DB /* TabBarViewController.swift */,
				AC5D404E29F86BB900A974DB /* TabBarViewPresenter.swift */,
				AC5D405029F86BCA00A974DB /* TabBarViewInteractor.swift */,
				AC5D405629FA45FC00A974DB /* TabBarViewEntity.swift */,
				AC5D405429F86BED00A974DB /* TabBarViewConfigurator.swift */,
			);
			path = TabBarViewController;
			sourceTree = "<group>";
		};
/* End PBXGroup section */

/* Begin PBXNativeTarget section */
		AC30A10229DBFE3C007E0B12 /* TestShopMVP */ = {
			isa = PBXNativeTarget;
			buildConfigurationList = AC30A11729DBFE3E007E0B12 /* Build configuration list for PBXNativeTarget "TestShopMVP" */;
			buildPhases = (
				AC30A0FF29DBFE3C007E0B12 /* Sources */,
				AC30A10029DBFE3C007E0B12 /* Frameworks */,
				AC30A10129DBFE3C007E0B12 /* Resources */,
			);
			buildRules = (
			);
			dependencies = (
			);
			name = TestShopMVP;
			productName = TestShopMVP;
			productReference = AC30A10329DBFE3C007E0B12 /* TestShopMVP.app */;
			productType = "com.apple.product-type.application";
		};
/* End PBXNativeTarget section */

/* Begin PBXProject section */
		AC30A0FB29DBFE3C007E0B12 /* Project object */ = {
			isa = PBXProject;
			attributes = {
				BuildIndependentTargetsInParallel = 1;
				LastSwiftUpdateCheck = 1420;
				LastUpgradeCheck = 1420;
				TargetAttributes = {
					AC30A10229DBFE3C007E0B12 = {
						CreatedOnToolsVersion = 14.2;
					};
				};
			};
			buildConfigurationList = AC30A0FE29DBFE3C007E0B12 /* Build configuration list for PBXProject "TestShopMVP" */;
			compatibilityVersion = "Xcode 14.0";
			developmentRegion = en;
			hasScannedForEncodings = 0;
			knownRegions = (
				en,
				Base,
			);
			mainGroup = AC30A0FA29DBFE3C007E0B12;
			productRefGroup = AC30A10429DBFE3C007E0B12 /* Products */;
			projectDirPath = "";
			projectRoot = "";
			targets = (
				AC30A10229DBFE3C007E0B12 /* TestShopMVP */,
			);
		};
/* End PBXProject section */

/* Begin PBXResourcesBuildPhase section */
		AC30A10129DBFE3C007E0B12 /* Resources */ = {
			isa = PBXResourcesBuildPhase;
			buildActionMask = 2147483647;
			files = (
				AC30A11329DBFE3E007E0B12 /* LaunchScreen.storyboard in Resources */,
				AC30A11029DBFE3E007E0B12 /* Assets.xcassets in Resources */,
			);
			runOnlyForDeploymentPostprocessing = 0;
		};
/* End PBXResourcesBuildPhase section */

/* Begin PBXSourcesBuildPhase section */
		AC30A0FF29DBFE3C007E0B12 /* Sources */ = {
			isa = PBXSourcesBuildPhase;
			buildActionMask = 2147483647;
			files = (
				AC5D403B29EBE38E00A974DB /* BasketViewController.swift in Sources */,
				AC30A12729DC2B99007E0B12 /* SelfConfiguringCell.swift in Sources */,
				AC5D404829EFDADB00A974DB /* HeaderViewConfigurator.swift in Sources */,
				AC5D403729EBE34800A974DB /* UserViewController.swift in Sources */,
				AC30A11B29DC213E007E0B12 /* NetworkManager.swift in Sources */,
				AC30A12929DC2BBB007E0B12 /* UICollectionViewCell.swift in Sources */,
				AC30A12C29DC2C0A007E0B12 /* ImageManager.swift in Sources */,
				AC5D405129F86BCA00A974DB /* TabBarViewInteractor.swift in Sources */,
				AC5D403929EBE36100A974DB /* ContactsViewController.swift in Sources */,
				AC5D403529EBE32200A974DB /* TabBarViewController.swift in Sources */,
				AC5D404629EFDABA00A974DB /* HeaderViewInteractor.swift in Sources */,
				AC30A13229DEDC45007E0B12 /* HeaderViewCell.swift in Sources */,
				AC30A12229DC2A18007E0B12 /* DataManager.swift in Sources */,
				AC30A13429E93E79007E0B12 /* RoundedBackgroundView.swift in Sources */,
				AC30A13029DD73B9007E0B12 /* HeaderView.swift in Sources */,
				AC30A10B29DBFE3C007E0B12 /* MainViewController.swift in Sources */,
				AC5D405729FA45FC00A974DB /* TabBarViewEntity.swift in Sources */,
				AC30A10729DBFE3C007E0B12 /* AppDelegate.swift in Sources */,
				AC30A12E29DC3073007E0B12 /* ProductCell.swift in Sources */,
				AC5D405529F86BED00A974DB /* TabBarViewConfigurator.swift in Sources */,
				AC30A11F29DC2704007E0B12 /* Shop.swift in Sources */,
				AC5D404F29F86BB900A974DB /* TabBarViewPresenter.swift in Sources */,
				AC30A12429DC2B5D007E0B12 /* BannerCell.swift in Sources */,
				AC5D404229EE6E1A00A974DB /* HeaderCellViewModel.swift in Sources */,
				AC5D404A29EFDB0000A974DB /* HeaderViewRouter.swift in Sources */,
				AC5D404429EFDAA300A974DB /* HeaderViewPresenter.swift in Sources */,
			);
			runOnlyForDeploymentPostprocessing = 0;
		};
/* End PBXSourcesBuildPhase section */

/* Begin PBXVariantGroup section */
		AC30A11129DBFE3E007E0B12 /* LaunchScreen.storyboard */ = {
			isa = PBXVariantGroup;
			children = (
				AC30A11229DBFE3E007E0B12 /* Base */,
			);
			name = LaunchScreen.storyboard;
			sourceTree = "<group>";
		};
/* End PBXVariantGroup section */

/* Begin XCBuildConfiguration section */
		AC30A11529DBFE3E007E0B12 /* Debug */ = {
			isa = XCBuildConfiguration;
			buildSettings = {
				ALWAYS_SEARCH_USER_PATHS = NO;
				CLANG_ANALYZER_NONNULL = YES;
				CLANG_ANALYZER_NUMBER_OBJECT_CONVERSION = YES_AGGRESSIVE;
				CLANG_CXX_LANGUAGE_STANDARD = "gnu++20";
				CLANG_ENABLE_MODULES = YES;
				CLANG_ENABLE_OBJC_ARC = YES;
				CLANG_ENABLE_OBJC_WEAK = YES;
				CLANG_WARN_BLOCK_CAPTURE_AUTORELEASING = YES;
				CLANG_WARN_BOOL_CONVERSION = YES;
				CLANG_WARN_COMMA = YES;
				CLANG_WARN_CONSTANT_CONVERSION = YES;
				CLANG_WARN_DEPRECATED_OBJC_IMPLEMENTATIONS = YES;
				CLANG_WARN_DIRECT_OBJC_ISA_USAGE = YES_ERROR;
				CLANG_WARN_DOCUMENTATION_COMMENTS = YES;
				CLANG_WARN_EMPTY_BODY = YES;
				CLANG_WARN_ENUM_CONVERSION = YES;
				CLANG_WARN_INFINITE_RECURSION = YES;
				CLANG_WARN_INT_CONVERSION = YES;
				CLANG_WARN_NON_LITERAL_NULL_CONVERSION = YES;
				CLANG_WARN_OBJC_IMPLICIT_RETAIN_SELF = YES;
				CLANG_WARN_OBJC_LITERAL_CONVERSION = YES;
				CLANG_WARN_OBJC_ROOT_CLASS = YES_ERROR;
				CLANG_WARN_QUOTED_INCLUDE_IN_FRAMEWORK_HEADER = YES;
				CLANG_WARN_RANGE_LOOP_ANALYSIS = YES;
				CLANG_WARN_STRICT_PROTOTYPES = YES;
				CLANG_WARN_SUSPICIOUS_MOVE = YES;
				CLANG_WARN_UNGUARDED_AVAILABILITY = YES_AGGRESSIVE;
				CLANG_WARN_UNREACHABLE_CODE = YES;
				CLANG_WARN__DUPLICATE_METHOD_MATCH = YES;
				COPY_PHASE_STRIP = NO;
				DEBUG_INFORMATION_FORMAT = dwarf;
				ENABLE_STRICT_OBJC_MSGSEND = YES;
				ENABLE_TESTABILITY = YES;
				GCC_C_LANGUAGE_STANDARD = gnu11;
				GCC_DYNAMIC_NO_PIC = NO;
				GCC_NO_COMMON_BLOCKS = YES;
				GCC_OPTIMIZATION_LEVEL = 0;
				GCC_PREPROCESSOR_DEFINITIONS = (
					"DEBUG=1",
					"$(inherited)",
				);
				GCC_WARN_64_TO_32_BIT_CONVERSION = YES;
				GCC_WARN_ABOUT_RETURN_TYPE = YES_ERROR;
				GCC_WARN_UNDECLARED_SELECTOR = YES;
				GCC_WARN_UNINITIALIZED_AUTOS = YES_AGGRESSIVE;
				GCC_WARN_UNUSED_FUNCTION = YES;
				GCC_WARN_UNUSED_VARIABLE = YES;
				IPHONEOS_DEPLOYMENT_TARGET = 16.2;
				MTL_ENABLE_DEBUG_INFO = INCLUDE_SOURCE;
				MTL_FAST_MATH = YES;
				ONLY_ACTIVE_ARCH = YES;
				SDKROOT = iphoneos;
				SWIFT_ACTIVE_COMPILATION_CONDITIONS = DEBUG;
				SWIFT_OPTIMIZATION_LEVEL = "-Onone";
			};
			name = Debug;
		};
		AC30A11629DBFE3E007E0B12 /* Release */ = {
			isa = XCBuildConfiguration;
			buildSettings = {
				ALWAYS_SEARCH_USER_PATHS = NO;
				CLANG_ANALYZER_NONNULL = YES;
				CLANG_ANALYZER_NUMBER_OBJECT_CONVERSION = YES_AGGRESSIVE;
				CLANG_CXX_LANGUAGE_STANDARD = "gnu++20";
				CLANG_ENABLE_MODULES = YES;
				CLANG_ENABLE_OBJC_ARC = YES;
				CLANG_ENABLE_OBJC_WEAK = YES;
				CLANG_WARN_BLOCK_CAPTURE_AUTORELEASING = YES;
				CLANG_WARN_BOOL_CONVERSION = YES;
				CLANG_WARN_COMMA = YES;
				CLANG_WARN_CONSTANT_CONVERSION = YES;
				CLANG_WARN_DEPRECATED_OBJC_IMPLEMENTATIONS = YES;
				CLANG_WARN_DIRECT_OBJC_ISA_USAGE = YES_ERROR;
				CLANG_WARN_DOCUMENTATION_COMMENTS = YES;
				CLANG_WARN_EMPTY_BODY = YES;
				CLANG_WARN_ENUM_CONVERSION = YES;
				CLANG_WARN_INFINITE_RECURSION = YES;
				CLANG_WARN_INT_CONVERSION = YES;
				CLANG_WARN_NON_LITERAL_NULL_CONVERSION = YES;
				CLANG_WARN_OBJC_IMPLICIT_RETAIN_SELF = YES;
				CLANG_WARN_OBJC_LITERAL_CONVERSION = YES;
				CLANG_WARN_OBJC_ROOT_CLASS = YES_ERROR;
				CLANG_WARN_QUOTED_INCLUDE_IN_FRAMEWORK_HEADER = YES;
				CLANG_WARN_RANGE_LOOP_ANALYSIS = YES;
				CLANG_WARN_STRICT_PROTOTYPES = YES;
				CLANG_WARN_SUSPICIOUS_MOVE = YES;
				CLANG_WARN_UNGUARDED_AVAILABILITY = YES_AGGRESSIVE;
				CLANG_WARN_UNREACHABLE_CODE = YES;
				CLANG_WARN__DUPLICATE_METHOD_MATCH = YES;
				COPY_PHASE_STRIP = NO;
				DEBUG_INFORMATION_FORMAT = "dwarf-with-dsym";
				ENABLE_NS_ASSERTIONS = NO;
				ENABLE_STRICT_OBJC_MSGSEND = YES;
				GCC_C_LANGUAGE_STANDARD = gnu11;
				GCC_NO_COMMON_BLOCKS = YES;
				GCC_WARN_64_TO_32_BIT_CONVERSION = YES;
				GCC_WARN_ABOUT_RETURN_TYPE = YES_ERROR;
				GCC_WARN_UNDECLARED_SELECTOR = YES;
				GCC_WARN_UNINITIALIZED_AUTOS = YES_AGGRESSIVE;
				GCC_WARN_UNUSED_FUNCTION = YES;
				GCC_WARN_UNUSED_VARIABLE = YES;
				IPHONEOS_DEPLOYMENT_TARGET = 16.2;
				MTL_ENABLE_DEBUG_INFO = NO;
				MTL_FAST_MATH = YES;
				SDKROOT = iphoneos;
				SWIFT_COMPILATION_MODE = wholemodule;
				SWIFT_OPTIMIZATION_LEVEL = "-O";
				VALIDATE_PRODUCT = YES;
			};
			name = Release;
		};
		AC30A11829DBFE3E007E0B12 /* Debug */ = {
			isa = XCBuildConfiguration;
			buildSettings = {
				ASSETCATALOG_COMPILER_APPICON_NAME = AppIcon;
				ASSETCATALOG_COMPILER_GLOBAL_ACCENT_COLOR_NAME = AccentColor;
				CODE_SIGN_STYLE = Automatic;
				CURRENT_PROJECT_VERSION = 1;
				DEVELOPMENT_TEAM = QQ7NB58NL6;
				GENERATE_INFOPLIST_FILE = YES;
				INFOPLIST_FILE = TestShopMVP/App/Info.plist;
				INFOPLIST_KEY_UIApplicationSupportsIndirectInputEvents = YES;
				INFOPLIST_KEY_UILaunchStoryboardName = LaunchScreen;
				INFOPLIST_KEY_UISupportedInterfaceOrientations_iPad = "UIInterfaceOrientationPortrait UIInterfaceOrientationPortraitUpsideDown UIInterfaceOrientationLandscapeLeft UIInterfaceOrientationLandscapeRight";
				INFOPLIST_KEY_UISupportedInterfaceOrientations_iPhone = "UIInterfaceOrientationPortrait UIInterfaceOrientationLandscapeLeft UIInterfaceOrientationLandscapeRight";
				LD_RUNPATH_SEARCH_PATHS = (
					"$(inherited)",
					"@executable_path/Frameworks",
				);
				MARKETING_VERSION = 1.0;
				PRODUCT_BUNDLE_IDENTIFIER = PavlovAA.TestShopMVP;
				PRODUCT_NAME = "$(TARGET_NAME)";
				SWIFT_EMIT_LOC_STRINGS = YES;
				SWIFT_VERSION = 5.0;
				TARGETED_DEVICE_FAMILY = "1,2";
			};
			name = Debug;
		};
		AC30A11929DBFE3E007E0B12 /* Release */ = {
			isa = XCBuildConfiguration;
			buildSettings = {
				ASSETCATALOG_COMPILER_APPICON_NAME = AppIcon;
				ASSETCATALOG_COMPILER_GLOBAL_ACCENT_COLOR_NAME = AccentColor;
				CODE_SIGN_STYLE = Automatic;
				CURRENT_PROJECT_VERSION = 1;
				DEVELOPMENT_TEAM = QQ7NB58NL6;
				GENERATE_INFOPLIST_FILE = YES;
				INFOPLIST_FILE = TestShopMVP/App/Info.plist;
				INFOPLIST_KEY_UIApplicationSupportsIndirectInputEvents = YES;
				INFOPLIST_KEY_UILaunchStoryboardName = LaunchScreen;
				INFOPLIST_KEY_UISupportedInterfaceOrientations_iPad = "UIInterfaceOrientationPortrait UIInterfaceOrientationPortraitUpsideDown UIInterfaceOrientationLandscapeLeft UIInterfaceOrientationLandscapeRight";
				INFOPLIST_KEY_UISupportedInterfaceOrientations_iPhone = "UIInterfaceOrientationPortrait UIInterfaceOrientationLandscapeLeft UIInterfaceOrientationLandscapeRight";
				LD_RUNPATH_SEARCH_PATHS = (
					"$(inherited)",
					"@executable_path/Frameworks",
				);
				MARKETING_VERSION = 1.0;
				PRODUCT_BUNDLE_IDENTIFIER = PavlovAA.TestShopMVP;
				PRODUCT_NAME = "$(TARGET_NAME)";
				SWIFT_EMIT_LOC_STRINGS = YES;
				SWIFT_VERSION = 5.0;
				TARGETED_DEVICE_FAMILY = "1,2";
			};
			name = Release;
		};
/* End XCBuildConfiguration section */

/* Begin XCConfigurationList section */
		AC30A0FE29DBFE3C007E0B12 /* Build configuration list for PBXProject "TestShopMVP" */ = {
			isa = XCConfigurationList;
			buildConfigurations = (
				AC30A11529DBFE3E007E0B12 /* Debug */,
				AC30A11629DBFE3E007E0B12 /* Release */,
			);
			defaultConfigurationIsVisible = 0;
			defaultConfigurationName = Release;
		};
		AC30A11729DBFE3E007E0B12 /* Build configuration list for PBXNativeTarget "TestShopMVP" */ = {
			isa = XCConfigurationList;
			buildConfigurations = (
				AC30A11829DBFE3E007E0B12 /* Debug */,
				AC30A11929DBFE3E007E0B12 /* Release */,
			);
			defaultConfigurationIsVisible = 0;
			defaultConfigurationName = Release;
		};
/* End XCConfigurationList section */
	};
	rootObject = AC30A0FB29DBFE3C007E0B12 /* Project object */;
}
